lockfileVersion: '9.0'

settings:
  autoInstallPeers: true
  excludeLinksFromLockfile: false

importers:

  .:
    dependencies:
      '@zyrab/domo':
        specifier: ^1.3.0
        version: 1.3.0
      '@zyrab/domo-router':
        specifier: ^0.2.0
        version: 0.2.0

packages:

  '@zyrab/domo-router@0.2.0':
    resolution: {integrity: sha512-isBFrgtmxCvpZMgwds8EC0O3MijXAif8vIsVHR7s7IfNMa9udhjCU/7270jL9V6gbf5Xjd+DhDzt1QR41GRo2w==}

  '@zyrab/domo@1.3.0':
    resolution: {integrity: sha512-ZcrLbuuVaRoSrMkNoO8OhYODWkjW/CMEUn5toMLOdFgUquWs/u+bw3FenjD2Eb2IGpDk4672t410YjSzn5+8Jw==}

snapshots:

  '@zyrab/domo-router@0.2.0': {}

  '@zyrab/domo@1.3.0': {}
